
Microsoft Visual Studio Solution File, Format Version 12.00
# Visual Studio Version 17
VisualStudioVersion = 17.7.34202.233
MinimumVisualStudioVersion = 10.0.40219.1
Project("{FAE04EC0-301F-11D3-BF4B-00C04F79EFBC}") = "Practica 15", "Practica 15.csproj", "{A2189C04-A863-496B-8BC5-36E5A03B21C2}"
EndProject
Global
	GlobalSection(SolutionConfigurationPlatforms) = preSolution
		Debug|Any CPU = Debug|Any CPU
		Release|Any CPU = Release|Any CPU
	EndGlobalSection
	GlobalSection(ProjectConfigurationPlatforms) = postSolution
		{A2189C04-A863-496B-8BC5-36E5A03B21C2}.Debug|Any CPU.ActiveCfg = Debug|Any CPU
		{A2189C04-A863-496B-8BC5-36E5A03B21C2}.Debug|Any CPU.Build.0 = Debug|Any CPU
		{A2189C04-A863-496B-8BC5-36E5A03B21C2}.Release|Any CPU.ActiveCfg = Release|Any CPU
		{A2189C04-A863-496B-8BC5-36E5A03B21C2}.Release|Any CPU.Build.0 = Release|Any CPU
	EndGlobalSection
	GlobalSection(SolutionProperties) = preSolution
		HideSolutionNode = FALSE
	EndGlobalSection
	GlobalSection(ExtensibilityGlobals) = postSolution
		SolutionGuid = {61E3A0ED-55D5-4D47-8400-AA8AA227CD2A}
	EndGlobalSection
EndGlobal
